PODS:
  - MASPreferences (1.3)
  - MediaKeyTap (2.1.0)

DEPENDENCIES:
  - MASPreferences
  - MediaKeyTap (from `https://github.com/the0neyouseek/MediaKeyTap.git`)

SPEC REPOS:
  https://github.com/CocoaPods/Specs.git:
    - MASPreferences

EXTERNAL SOURCES:
  MediaKeyTap:
    :git: https://github.com/the0neyouseek/MediaKeyTap.git

CHECKOUT OPTIONS:
  MediaKeyTap:
    :commit: 2ff6e582c0c03b735d24d0800f4e43611d316e93
    :git: https://github.com/the0neyouseek/MediaKeyTap.git

SPEC CHECKSUMS:
  MASPreferences: c08b8622dd17b47da87669e741efd7c92e970e8c
  MediaKeyTap: b652877e9ae2d52ca4f5310fa5152945ad3f0798

PODFILE CHECKSUM: efa14c79ecdfeaf061bbc8ed950ee540d77f987a

COCOAPODS: 1.5.0
