{
  "originHash" : "df195b12c1f6bd471af1cacb709842cb7eb355cce32fee1413f0f7d7aa5c4eb2",
  "pins" : [
    {
      "identity" : "keyboardshortcuts",
      "kind" : "remoteSourceControl",
      "location" : "https://github.com/sindresorhus/KeyboardShortcuts",
      "state" : {
        "revision" : "8a2cc9130b0eec6e1dae0a9a405a17741437caa5",
        "version" : "1.6.0"
      }
    },
    {
      "identity" : "mediakeytap",
      "kind" : "remoteSourceControl",
      "location" : "https://github.com/MonitorControl/MediaKeyTap",
      "state" : {
        "branch" : "master",
        "revision" : "22293b608bb9e7072960a2002d77ebbbdb3ba859"
      }
    },
    {
      "identity" : "settings",
      "kind" : "remoteSourceControl",
      "location" : "https://github.com/sindresorhus/Settings",
      "state" : {
        "branch" : "main",
        "revision" : "879ea83a7bbc6dbebf62bed8c547f090146372a6"
      }
    },
    {
      "identity" : "simplycoreaudio",
      "kind" : "remoteSourceControl",
      "location" : "https://github.com/rnine/SimplyCoreAudio",
      "state" : {
        "revision" : "75970285e2470f12a569cdff68ef5a75498a4646"
      }
    },
    {
      "identity" : "sparkle",
      "kind" : "remoteSourceControl",
      "location" : "https://github.com/sparkle-project/Sparkle",
      "state" : {
        "branch" : "2.x",
        "revision" : "9042c8dbd9c6f6a1bebc2e4c4b878eac6984ddbd"
      }
    },
    {
      "identity" : "swift-atomics",
      "kind" : "remoteSourceControl",
      "location" : "https://github.com/apple/swift-atomics.git",
      "state" : {
        "revision" : "3e95ba32cd1b4c877f6163e8eea54afc4e63bf9f",
        "version" : "0.0.3"
      }
    }
  ],
  "version" : 3
}
