// !$*UTF8*$!
{
	archiveVersion = 1;
	classes = {
	};
	objectVersion = 46;
	objects = {

/* Begin PBXBuildFile section */
		55359E391E2737EC002671BC /* DDC.c in Sources */ = {isa = PBXBuildFile; fileRef = 55359E331E2737EC002671BC /* DDC.c */; };
		55359E3B1E2737EC002671BC /* ddcctl.sh in Resources */ = {isa = PBXBuildFile; fileRef = 55359E361E2737EC002671BC /* ddcctl.sh */; };
		56754EAF1D9A4016007BCDC5 /* AppDelegate.swift in Sources */ = {isa = PBXBuildFile; fileRef = 56754EAE1D9A4016007BCDC5 /* AppDelegate.swift */; };
		56754EB11D9A4016007BCDC5 /* Assets.xcassets in Resources */ = {isa = PBXBuildFile; fileRef = 56754EB01D9A4016007BCDC5 /* Assets.xcassets */; };
		56754EB41D9A4016007BCDC5 /* MainMenu.xib in Resources */ = {isa = PBXBuildFile; fileRef = 56754EB21D9A4016007BCDC5 /* MainMenu.xib */; };
		6C778D5A21E91060000A4D5F /* Main.storyboard in Resources */ = {isa = PBXBuildFile; fileRef = 6C778D5821E91060000A4D5F /* Main.storyboard */; };
		9A19D3B73485870616B6D4E0 /* Pods_MonitorControl.framework in Frameworks */ = {isa = PBXBuildFile; fileRef = 398F482D5C8816B29F16AAEB /* Pods_MonitorControl.framework */; };
		F03A8DF21FFBAA6F0034DC27 /* Display.swift in Sources */ = {isa = PBXBuildFile; fileRef = F03A8DF11FFBAA6F0034DC27 /* Display.swift */; };
		F0445D3820023E710025AE82 /* MainPrefsViewController.swift in Sources */ = {isa = PBXBuildFile; fileRef = F0445D3720023E710025AE82 /* MainPrefsViewController.swift */; };
		F0445D3D200254FA0025AE82 /* KeysPrefsViewController.swift in Sources */ = {isa = PBXBuildFile; fileRef = F0445D3B200254FA0025AE82 /* KeysPrefsViewController.swift */; };
		F0445D40200259C10025AE82 /* DisplayPrefsViewController.swift in Sources */ = {isa = PBXBuildFile; fileRef = F0445D3F200259C10025AE82 /* DisplayPrefsViewController.swift */; };
		F0445D4D200294AB0025AE82 /* ButtonCellView.swift in Sources */ = {isa = PBXBuildFile; fileRef = F0445D4C200294AB0025AE82 /* ButtonCellView.swift */; };
		F06792EA200A73460066C438 /* AppDelegate.swift in Sources */ = {isa = PBXBuildFile; fileRef = F06792E9200A73460066C438 /* AppDelegate.swift */; };
		F06792F6200A745F0066C438 /* MonitorControlHelper.app in [Login] Copy Helper to start at Login */ = {isa = PBXBuildFile; fileRef = F06792E7200A73460066C438 /* MonitorControlHelper.app */; settings = {ATTRIBUTES = (RemoveHeadersOnCopy, ); }; };
		F091C9B31F6EA6110096FD65 /* SliderHandler.swift in Sources */ = {isa = PBXBuildFile; fileRef = F091C9B21F6EA6110096FD65 /* SliderHandler.swift */; };
		F091C9B81F6EA79B0096FD65 /* Utils.swift in Sources */ = {isa = PBXBuildFile; fileRef = F091C9B71F6EA79B0096FD65 /* Utils.swift */; };
		F0A987E81F77B40E009B603D /* OSD.framework in Frameworks */ = {isa = PBXBuildFile; fileRef = F0A987D61F77B290009B603D /* OSD.framework */; };
		F0EB972F1F6ED7C800686D2A /* Localizable.strings in Resources */ = {isa = PBXBuildFile; fileRef = F091C9C11F6EB8660096FD65 /* Localizable.strings */; };
/* End PBXBuildFile section */

/* Begin PBXCopyFilesBuildPhase section */
		F06792F5200A73FA0066C438 /* [Login] Copy Helper to start at Login */ = {
			isa = PBXCopyFilesBuildPhase;
			buildActionMask = 2147483647;
			dstPath = Contents/Library/LoginItems;
			dstSubfolderSpec = 1;
			files = (
				F06792F6200A745F0066C438 /* MonitorControlHelper.app in [Login] Copy Helper to start at Login */,
			);
			name = "[Login] Copy Helper to start at Login";
			runOnlyForDeploymentPostprocessing = 0;
		};
/* End PBXCopyFilesBuildPhase section */

/* Begin PBXFileReference section */
		31E16D90527EBD3F8A12BE0B /* Pods-MonitorControl.release.xcconfig */ = {isa = PBXFileReference; includeInIndex = 1; lastKnownFileType = text.xcconfig; name = "Pods-MonitorControl.release.xcconfig"; path = "Pods/Target Support Files/Pods-MonitorControl/Pods-MonitorControl.release.xcconfig"; sourceTree = "<group>"; };
		398F482D5C8816B29F16AAEB /* Pods_MonitorControl.framework */ = {isa = PBXFileReference; explicitFileType = wrapper.framework; includeInIndex = 0; path = Pods_MonitorControl.framework; sourceTree = BUILT_PRODUCTS_DIR; };
		42B61ABC1D7907131330228A /* Pods-MonitorControl.debug.xcconfig */ = {isa = PBXFileReference; includeInIndex = 1; lastKnownFileType = text.xcconfig; name = "Pods-MonitorControl.debug.xcconfig"; path = "Pods/Target Support Files/Pods-MonitorControl/Pods-MonitorControl.debug.xcconfig"; sourceTree = "<group>"; };
		55359E331E2737EC002671BC /* DDC.c */ = {isa = PBXFileReference; fileEncoding = 4; lastKnownFileType = sourcecode.c.c; path = DDC.c; sourceTree = "<group>"; };
		55359E341E2737EC002671BC /* DDC.h */ = {isa = PBXFileReference; fileEncoding = 4; lastKnownFileType = sourcecode.c.h; path = DDC.h; sourceTree = "<group>"; };
		55359E351E2737EC002671BC /* ddcctl.m */ = {isa = PBXFileReference; fileEncoding = 4; lastKnownFileType = sourcecode.c.objc; path = ddcctl.m; sourceTree = "<group>"; };
		55359E361E2737EC002671BC /* ddcctl.sh */ = {isa = PBXFileReference; fileEncoding = 4; lastKnownFileType = text.script.sh; path = ddcctl.sh; sourceTree = "<group>"; };
		55359E371E2737EC002671BC /* Makefile */ = {isa = PBXFileReference; fileEncoding = 4; lastKnownFileType = sourcecode.make; path = Makefile; sourceTree = "<group>"; };
		55359E381E2737EC002671BC /* README.md */ = {isa = PBXFileReference; fileEncoding = 4; lastKnownFileType = net.daringfireball.markdown; path = README.md; sourceTree = "<group>"; };
		56754EAB1D9A4016007BCDC5 /* MonitorControl.app */ = {isa = PBXFileReference; explicitFileType = wrapper.application; includeInIndex = 0; path = MonitorControl.app; sourceTree = BUILT_PRODUCTS_DIR; };
		56754EAE1D9A4016007BCDC5 /* AppDelegate.swift */ = {isa = PBXFileReference; fileEncoding = 4; lastKnownFileType = sourcecode.swift; lineEnding = 0; path = AppDelegate.swift; sourceTree = "<group>"; };
		56754EB01D9A4016007BCDC5 /* Assets.xcassets */ = {isa = PBXFileReference; lastKnownFileType = folder.assetcatalog; path = Assets.xcassets; sourceTree = "<group>"; };
		56754EB31D9A4016007BCDC5 /* Base */ = {isa = PBXFileReference; lastKnownFileType = file.xib; name = Base; path = Base.lproj/MainMenu.xib; sourceTree = "<group>"; };
		56754EB51D9A4016007BCDC5 /* Info.plist */ = {isa = PBXFileReference; lastKnownFileType = text.plist.xml; path = Info.plist; sourceTree = "<group>"; };
		6C778D5921E91060000A4D5F /* Base */ = {isa = PBXFileReference; lastKnownFileType = file.storyboard; name = Base; path = Base.lproj/Main.storyboard; sourceTree = "<group>"; };
		6C778D5E21E910A2000A4D5F /* en */ = {isa = PBXFileReference; lastKnownFileType = text.plist.strings; name = en; path = en.lproj/Main.strings; sourceTree = "<group>"; };
		6C778D5F21E910A6000A4D5F /* fr */ = {isa = PBXFileReference; lastKnownFileType = text.plist.strings; name = fr; path = fr.lproj/Main.strings; sourceTree = "<group>"; };
		F03A8DF11FFBAA6F0034DC27 /* Display.swift */ = {isa = PBXFileReference; lastKnownFileType = sourcecode.swift; path = Display.swift; sourceTree = "<group>"; };
		F0445D3720023E710025AE82 /* MainPrefsViewController.swift */ = {isa = PBXFileReference; lastKnownFileType = sourcecode.swift; path = MainPrefsViewController.swift; sourceTree = "<group>"; };
		F0445D3B200254FA0025AE82 /* KeysPrefsViewController.swift */ = {isa = PBXFileReference; lastKnownFileType = sourcecode.swift; path = KeysPrefsViewController.swift; sourceTree = "<group>"; };
		F0445D3F200259C10025AE82 /* DisplayPrefsViewController.swift */ = {isa = PBXFileReference; lastKnownFileType = sourcecode.swift; path = DisplayPrefsViewController.swift; sourceTree = "<group>"; };
		F0445D49200285690025AE82 /* en */ = {isa = PBXFileReference; lastKnownFileType = text.plist.strings; name = en; path = en.lproj/MainMenu.strings; sourceTree = "<group>"; };
		F0445D4B2002856C0025AE82 /* fr */ = {isa = PBXFileReference; lastKnownFileType = text.plist.strings; name = fr; path = fr.lproj/MainMenu.strings; sourceTree = "<group>"; };
		F0445D4C200294AB0025AE82 /* ButtonCellView.swift */ = {isa = PBXFileReference; lastKnownFileType = sourcecode.swift; path = ButtonCellView.swift; sourceTree = "<group>"; };
		F06792E7200A73460066C438 /* MonitorControlHelper.app */ = {isa = PBXFileReference; explicitFileType = wrapper.application; includeInIndex = 0; path = MonitorControlHelper.app; sourceTree = BUILT_PRODUCTS_DIR; };
		F06792E9200A73460066C438 /* AppDelegate.swift */ = {isa = PBXFileReference; lastKnownFileType = sourcecode.swift; path = AppDelegate.swift; sourceTree = "<group>"; };
		F06792F0200A73470066C438 /* Info.plist */ = {isa = PBXFileReference; lastKnownFileType = text.plist.xml; path = Info.plist; sourceTree = "<group>"; };
		F06792F1200A73470066C438 /* MonitorControlHelper.entitlements */ = {isa = PBXFileReference; lastKnownFileType = text.plist.entitlements; path = MonitorControlHelper.entitlements; sourceTree = "<group>"; };
		F091C9B21F6EA6110096FD65 /* SliderHandler.swift */ = {isa = PBXFileReference; lastKnownFileType = sourcecode.swift; path = SliderHandler.swift; sourceTree = "<group>"; };
		F091C9B71F6EA79B0096FD65 /* Utils.swift */ = {isa = PBXFileReference; lastKnownFileType = sourcecode.swift; path = Utils.swift; sourceTree = "<group>"; };
		F091C9C21F6EB8660096FD65 /* en */ = {isa = PBXFileReference; fileEncoding = 4; lastKnownFileType = text.plist.strings; lineEnding = 0; name = en; path = en.lproj/Localizable.strings; sourceTree = "<group>"; };
		F091C9C31F6EB8720096FD65 /* fr */ = {isa = PBXFileReference; fileEncoding = 4; lastKnownFileType = text.plist.strings; lineEnding = 0; name = fr; path = fr.lproj/Localizable.strings; sourceTree = "<group>"; };
		F091C9C41F6EBA5A0096FD65 /* Bridging-Header.h */ = {isa = PBXFileReference; lastKnownFileType = sourcecode.c.h; path = "Bridging-Header.h"; sourceTree = "<group>"; };
		F0A987D61F77B290009B603D /* OSD.framework */ = {isa = PBXFileReference; lastKnownFileType = wrapper.framework; path = OSD.framework; sourceTree = "<group>"; };
		F0A987DA1F77B404009B603D /* en */ = {isa = PBXFileReference; lastKnownFileType = text.plist.strings; name = en; path = en.lproj/MainMenu.strings; sourceTree = "<group>"; };
		F0A987DC1F77B404009B603D /* en */ = {isa = PBXFileReference; lastKnownFileType = text.plist.strings; name = en; path = en.lproj/Localizable.strings; sourceTree = "<group>"; };
		F0A987DD1F77B404009B603D /* Assets.xcassets */ = {isa = PBXFileReference; lastKnownFileType = folder.assetcatalog; path = Assets.xcassets; sourceTree = "<group>"; };
		F0A987DF1F77B404009B603D /* SliderHandler.swift */ = {isa = PBXFileReference; lastKnownFileType = sourcecode.swift; path = SliderHandler.swift; sourceTree = "<group>"; };
		F0A987E11F77B404009B603D /* Base */ = {isa = PBXFileReference; lastKnownFileType = file.xib; name = Base; path = Base.lproj/MainMenu.xib; sourceTree = "<group>"; };
		F0A987E21F77B404009B603D /* Utils.swift */ = {isa = PBXFileReference; lastKnownFileType = sourcecode.swift; path = Utils.swift; sourceTree = "<group>"; };
		F0A987E31F77B404009B603D /* fr */ = {isa = PBXFileReference; lastKnownFileType = text.plist.strings; name = fr; path = fr.lproj/MainMenu.strings; sourceTree = "<group>"; };
		F0A987E41F77B404009B603D /* fr */ = {isa = PBXFileReference; lastKnownFileType = text.plist.strings; name = fr; path = fr.lproj/Localizable.strings; sourceTree = "<group>"; };
		F0A987E51F77B404009B603D /* AppDelegate.swift */ = {isa = PBXFileReference; lastKnownFileType = sourcecode.swift; path = AppDelegate.swift; sourceTree = "<group>"; };
		F0A987E61F77B404009B603D /* Bridging-Header.h */ = {isa = PBXFileReference; lastKnownFileType = sourcecode.c.h; path = "Bridging-Header.h"; sourceTree = "<group>"; };
		F0A987E71F77B404009B603D /* Info.plist */ = {isa = PBXFileReference; lastKnownFileType = text.plist.xml; path = Info.plist; sourceTree = "<group>"; };
/* End PBXFileReference section */

/* Begin PBXFrameworksBuildPhase section */
		56754EA81D9A4016007BCDC5 /* Frameworks */ = {
			isa = PBXFrameworksBuildPhase;
			buildActionMask = 2147483647;
			files = (
				F0A987E81F77B40E009B603D /* OSD.framework in Frameworks */,
				9A19D3B73485870616B6D4E0 /* Pods_MonitorControl.framework in Frameworks */,
			);
			runOnlyForDeploymentPostprocessing = 0;
		};
		F06792E4200A73460066C438 /* Frameworks */ = {
			isa = PBXFrameworksBuildPhase;
			buildActionMask = 2147483647;
			files = (
			);
			runOnlyForDeploymentPostprocessing = 0;
		};
/* End PBXFrameworksBuildPhase section */

/* Begin PBXGroup section */
		55359E321E2737EC002671BC /* ddcctl */ = {
			isa = PBXGroup;
			children = (
				55359E331E2737EC002671BC /* DDC.c */,
				55359E341E2737EC002671BC /* DDC.h */,
				55359E351E2737EC002671BC /* ddcctl.m */,
				55359E361E2737EC002671BC /* ddcctl.sh */,
				55359E371E2737EC002671BC /* Makefile */,
				55359E381E2737EC002671BC /* README.md */,
			);
			path = ddcctl;
			sourceTree = "<group>";
		};
		56754EA21D9A4016007BCDC5 = {
			isa = PBXGroup;
			children = (
				56754EAD1D9A4016007BCDC5 /* MonitorControl */,
				F0A987D61F77B290009B603D /* OSD.framework */,
				55359E321E2737EC002671BC /* ddcctl */,
				F06792E8200A73460066C438 /* MonitorControlHelper */,
				56754EAC1D9A4016007BCDC5 /* Products */,
				F0A987D71F77B404009B603D /* Frameworks */,
				EFFC2F3E35BEC9ACFA754137 /* Pods */,
			);
			sourceTree = "<group>";
		};
		56754EAC1D9A4016007BCDC5 /* Products */ = {
			isa = PBXGroup;
			children = (
				56754EAB1D9A4016007BCDC5 /* MonitorControl.app */,
				F06792E7200A73460066C438 /* MonitorControlHelper.app */,
			);
			name = Products;
			sourceTree = "<group>";
		};
		56754EAD1D9A4016007BCDC5 /* MonitorControl */ = {
			isa = PBXGroup;
			children = (
				56754EAE1D9A4016007BCDC5 /* AppDelegate.swift */,
				F091C9B71F6EA79B0096FD65 /* Utils.swift */,
				6C778D5821E91060000A4D5F /* Main.storyboard */,
				56754EB21D9A4016007BCDC5 /* MainMenu.xib */,
				F0445D3620023D5B0025AE82 /* Prefs */,
				F091C9B41F6EA6180096FD65 /* Objects */,
				F091C9C41F6EBA5A0096FD65 /* Bridging-Header.h */,
				56754EB01D9A4016007BCDC5 /* Assets.xcassets */,
				F091C9C11F6EB8660096FD65 /* Localizable.strings */,
				56754EB51D9A4016007BCDC5 /* Info.plist */,
			);
			path = MonitorControl;
			sourceTree = "<group>";
		};
		EFFC2F3E35BEC9ACFA754137 /* Pods */ = {
			isa = PBXGroup;
			children = (
				42B61ABC1D7907131330228A /* Pods-MonitorControl.debug.xcconfig */,
				31E16D90527EBD3F8A12BE0B /* Pods-MonitorControl.release.xcconfig */,
			);
			name = Pods;
			sourceTree = "<group>";
		};
		F0445D3620023D5B0025AE82 /* Prefs */ = {
			isa = PBXGroup;
			children = (
				F0445D3720023E710025AE82 /* MainPrefsViewController.swift */,
				F0445D3B200254FA0025AE82 /* KeysPrefsViewController.swift */,
				F0445D3F200259C10025AE82 /* DisplayPrefsViewController.swift */,
			);
			path = Prefs;
			sourceTree = "<group>";
		};
		F06792E8200A73460066C438 /* MonitorControlHelper */ = {
			isa = PBXGroup;
			children = (
				F06792E9200A73460066C438 /* AppDelegate.swift */,
				F06792F0200A73470066C438 /* Info.plist */,
				F06792F1200A73470066C438 /* MonitorControlHelper.entitlements */,
			);
			path = MonitorControlHelper;
			sourceTree = "<group>";
		};
		F091C9B41F6EA6180096FD65 /* Objects */ = {
			isa = PBXGroup;
			children = (
				F0445D4C200294AB0025AE82 /* ButtonCellView.swift */,
				F091C9B21F6EA6110096FD65 /* SliderHandler.swift */,
				F03A8DF11FFBAA6F0034DC27 /* Display.swift */,
			);
			path = Objects;
			sourceTree = "<group>";
		};
		F0A987D71F77B404009B603D /* Frameworks */ = {
			isa = PBXGroup;
			children = (
				F0A987D81F77B404009B603D /* MonitorControl */,
				398F482D5C8816B29F16AAEB /* Pods_MonitorControl.framework */,
			);
			name = Frameworks;
			sourceTree = "<group>";
		};
		F0A987D81F77B404009B603D /* MonitorControl */ = {
			isa = PBXGroup;
			children = (
				F0A987D91F77B404009B603D /* MainMenu.strings */,
				F0A987DB1F77B404009B603D /* Localizable.strings */,
				F0A987DD1F77B404009B603D /* Assets.xcassets */,
				F0A987DE1F77B404009B603D /* Objects */,
				F0A987E01F77B404009B603D /* MainMenu.xib */,
				F0A987E21F77B404009B603D /* Utils.swift */,
				F0A987E51F77B404009B603D /* AppDelegate.swift */,
				F0A987E61F77B404009B603D /* Bridging-Header.h */,
				F0A987E71F77B404009B603D /* Info.plist */,
			);
			path = MonitorControl;
			sourceTree = "<group>";
		};
		F0A987DE1F77B404009B603D /* Objects */ = {
			isa = PBXGroup;
			children = (
				F0A987DF1F77B404009B603D /* SliderHandler.swift */,
			);
			path = Objects;
			sourceTree = "<group>";
		};
/* End PBXGroup section */

/* Begin PBXNativeTarget section */
		56754EAA1D9A4016007BCDC5 /* MonitorControl */ = {
			isa = PBXNativeTarget;
			buildConfigurationList = 56754EB81D9A4016007BCDC5 /* Build configuration list for PBXNativeTarget "MonitorControl" */;
			buildPhases = (
				C0EF20D28FC7408CBE89A686 /* [CP] Check Pods Manifest.lock */,
				F03A8DF01FFB9D4C0034DC27 /* [Lint] Run SwiftLint */,
				56754EA71D9A4016007BCDC5 /* Sources */,
				56754EA81D9A4016007BCDC5 /* Frameworks */,
				56754EA91D9A4016007BCDC5 /* Resources */,
				9DD5968596EFAF0E2EB56496 /* [CP] Embed Pods Frameworks */,
				F06792F5200A73FA0066C438 /* [Login] Copy Helper to start at Login */,
				6C778D4D21E90DA1000A4D5F /* ShellScript */,
			);
			buildRules = (
			);
			dependencies = (
			);
			name = MonitorControl;
			productName = MonitorControl.OSX;
			productReference = 56754EAB1D9A4016007BCDC5 /* MonitorControl.app */;
			productType = "com.apple.product-type.application";
		};
		F06792E6200A73460066C438 /* MonitorControlHelper */ = {
			isa = PBXNativeTarget;
			buildConfigurationList = F06792F4200A73470066C438 /* Build configuration list for PBXNativeTarget "MonitorControlHelper" */;
			buildPhases = (
				F06792E3200A73460066C438 /* Sources */,
				F06792E4200A73460066C438 /* Frameworks */,
				F06792E5200A73460066C438 /* Resources */,
			);
			buildRules = (
			);
			dependencies = (
			);
			name = MonitorControlHelper;
			productName = MonitorControlHelper;
			productReference = F06792E7200A73460066C438 /* MonitorControlHelper.app */;
			productType = "com.apple.product-type.application";
		};
/* End PBXNativeTarget section */

/* Begin PBXProject section */
		56754EA31D9A4016007BCDC5 /* Project object */ = {
			isa = PBXProject;
			attributes = {
				LastSwiftUpdateCheck = 0920;
				LastUpgradeCheck = 0930;
				ORGANIZATIONNAME = "Mathew Kurian";
				TargetAttributes = {
					56754EAA1D9A4016007BCDC5 = {
						CreatedOnToolsVersion = 8.0;
						DevelopmentTeam = CYC8C8R4K9;
						LastSwiftMigration = 1010;
						ProvisioningStyle = Automatic;
					};
					F06792E6200A73460066C438 = {
						CreatedOnToolsVersion = 9.2;
						DevelopmentTeam = CYC8C8R4K9;
						LastSwiftMigration = 1010;
						ProvisioningStyle = Automatic;
					};
				};
			};
			buildConfigurationList = 56754EA61D9A4016007BCDC5 /* Build configuration list for PBXProject "MonitorControl" */;
			compatibilityVersion = "Xcode 3.2";
			developmentRegion = English;
			hasScannedForEncodings = 0;
			knownRegions = (
				en,
				Base,
				fr,
			);
			mainGroup = 56754EA21D9A4016007BCDC5;
			productRefGroup = 56754EAC1D9A4016007BCDC5 /* Products */;
			projectDirPath = "";
			projectRoot = "";
			targets = (
				56754EAA1D9A4016007BCDC5 /* MonitorControl */,
				F06792E6200A73460066C438 /* MonitorControlHelper */,
			);
		};
/* End PBXProject section */

/* Begin PBXResourcesBuildPhase section */
		56754EA91D9A4016007BCDC5 /* Resources */ = {
			isa = PBXResourcesBuildPhase;
			buildActionMask = 2147483647;
			files = (
				56754EB11D9A4016007BCDC5 /* Assets.xcassets in Resources */,
				F0EB972F1F6ED7C800686D2A /* Localizable.strings in Resources */,
				6C778D5A21E91060000A4D5F /* Main.storyboard in Resources */,
				55359E3B1E2737EC002671BC /* ddcctl.sh in Resources */,
				56754EB41D9A4016007BCDC5 /* MainMenu.xib in Resources */,
			);
			runOnlyForDeploymentPostprocessing = 0;
		};
		F06792E5200A73460066C438 /* Resources */ = {
			isa = PBXResourcesBuildPhase;
			buildActionMask = 2147483647;
			files = (
			);
			runOnlyForDeploymentPostprocessing = 0;
		};
/* End PBXResourcesBuildPhase section */

/* Begin PBXShellScriptBuildPhase section */
		6C778D4D21E90DA1000A4D5F /* ShellScript */ = {
			isa = PBXShellScriptBuildPhase;
			buildActionMask = 2147483647;
			files = (
			);
			inputFileListPaths = (
			);
			inputPaths = (
			);
			outputFileListPaths = (
			);
			outputPaths = (
			);
			runOnlyForDeploymentPostprocessing = 0;
			shellPath = /bin/sh;
			shellScript = "# Type a script or drag a script file from your workspace to insert its path.\nbuildNumber=$(/usr/libexec/PlistBuddy -c \"Print CFBundleVersion\" \"${INFOPLIST_FILE}\")\nbuildNumber=$(($buildNumber + 1))\n/usr/libexec/PlistBuddy -c \"Set :CFBundleVersion $buildNumber\" \"${INFOPLIST_FILE}\"\n\n";
		};
		9DD5968596EFAF0E2EB56496 /* [CP] Embed Pods Frameworks */ = {
			isa = PBXShellScriptBuildPhase;
			buildActionMask = 2147483647;
			files = (
			);
			inputPaths = (
				"${SRCROOT}/Pods/Target Support Files/Pods-MonitorControl/Pods-MonitorControl-frameworks.sh",
				"${BUILT_PRODUCTS_DIR}/AMCoreAudio/AMCoreAudio.framework",
				"${BUILT_PRODUCTS_DIR}/MASPreferences/MASPreferences.framework",
				"${BUILT_PRODUCTS_DIR}/MediaKeyTap/MediaKeyTap.framework",
			);
			name = "[CP] Embed Pods Frameworks";
			outputPaths = (
				"${TARGET_BUILD_DIR}/${FRAMEWORKS_FOLDER_PATH}/AMCoreAudio.framework",
				"${TARGET_BUILD_DIR}/${FRAMEWORKS_FOLDER_PATH}/MASPreferences.framework",
				"${TARGET_BUILD_DIR}/${FRAMEWORKS_FOLDER_PATH}/MediaKeyTap.framework",
			);
			runOnlyForDeploymentPostprocessing = 0;
			shellPath = /bin/sh;
			shellScript = "\"${SRCROOT}/Pods/Target Support Files/Pods-MonitorControl/Pods-MonitorControl-frameworks.sh\"\n";
			showEnvVarsInLog = 0;
		};
		C0EF20D28FC7408CBE89A686 /* [CP] Check Pods Manifest.lock */ = {
			isa = PBXShellScriptBuildPhase;
			buildActionMask = 2147483647;
			files = (
			);
			inputPaths = (
				"${PODS_PODFILE_DIR_PATH}/Podfile.lock",
				"${PODS_ROOT}/Manifest.lock",
			);
			name = "[CP] Check Pods Manifest.lock";
			outputPaths = (
				"$(DERIVED_FILE_DIR)/Pods-MonitorControl-checkManifestLockResult.txt",
			);
			runOnlyForDeploymentPostprocessing = 0;
			shellPath = /bin/sh;
			shellScript = "diff \"${PODS_PODFILE_DIR_PATH}/Podfile.lock\" \"${PODS_ROOT}/Manifest.lock\" > /dev/null\nif [ $? != 0 ] ; then\n    # print error to STDERR\n    echo \"error: The sandbox is not in sync with the Podfile.lock. Run 'pod install' or update your CocoaPods installation.\" >&2\n    exit 1\nfi\n# This output is used by Xcode 'outputs' to avoid re-running this script phase.\necho \"SUCCESS\" > \"${SCRIPT_OUTPUT_FILE_0}\"\n";
			showEnvVarsInLog = 0;
		};
		F03A8DF01FFB9D4C0034DC27 /* [Lint] Run SwiftLint */ = {
			isa = PBXShellScriptBuildPhase;
			buildActionMask = 2147483647;
			files = (
			);
			inputPaths = (
			);
			name = "[Lint] Run SwiftLint";
			outputPaths = (
			);
			runOnlyForDeploymentPostprocessing = 0;
			shellPath = /bin/sh;
			shellScript = "if which swiftlint >/dev/null; then\n    swiftlint\nelse\n    echo \"warning: SwiftLint not installed, download from https://github.com/realm/SwiftLint\"\nfi";
		};
/* End PBXShellScriptBuildPhase section */

/* Begin PBXSourcesBuildPhase section */
		56754EA71D9A4016007BCDC5 /* Sources */ = {
			isa = PBXSourcesBuildPhase;
			buildActionMask = 2147483647;
			files = (
				F0445D40200259C10025AE82 /* DisplayPrefsViewController.swift in Sources */,
				F03A8DF21FFBAA6F0034DC27 /* Display.swift in Sources */,
				F091C9B31F6EA6110096FD65 /* SliderHandler.swift in Sources */,
				56754EAF1D9A4016007BCDC5 /* AppDelegate.swift in Sources */,
				55359E391E2737EC002671BC /* DDC.c in Sources */,
				F0445D3820023E710025AE82 /* MainPrefsViewController.swift in Sources */,
				F0445D3D200254FA0025AE82 /* KeysPrefsViewController.swift in Sources */,
				F091C9B81F6EA79B0096FD65 /* Utils.swift in Sources */,
				F0445D4D200294AB0025AE82 /* ButtonCellView.swift in Sources */,
			);
			runOnlyForDeploymentPostprocessing = 0;
		};
		F06792E3200A73460066C438 /* Sources */ = {
			isa = PBXSourcesBuildPhase;
			buildActionMask = 2147483647;
			files = (
				F06792EA200A73460066C438 /* AppDelegate.swift in Sources */,
			);
			runOnlyForDeploymentPostprocessing = 0;
		};
/* End PBXSourcesBuildPhase section */

/* Begin PBXVariantGroup section */
		56754EB21D9A4016007BCDC5 /* MainMenu.xib */ = {
			isa = PBXVariantGroup;
			children = (
				56754EB31D9A4016007BCDC5 /* Base */,
				F0445D49200285690025AE82 /* en */,
				F0445D4B2002856C0025AE82 /* fr */,
			);
			name = MainMenu.xib;
			sourceTree = "<group>";
		};
		6C778D5821E91060000A4D5F /* Main.storyboard */ = {
			isa = PBXVariantGroup;
			children = (
				6C778D5921E91060000A4D5F /* Base */,
				6C778D5E21E910A2000A4D5F /* en */,
				6C778D5F21E910A6000A4D5F /* fr */,
			);
			name = Main.storyboard;
			sourceTree = "<group>";
		};
		F091C9C11F6EB8660096FD65 /* Localizable.strings */ = {
			isa = PBXVariantGroup;
			children = (
				F091C9C21F6EB8660096FD65 /* en */,
				F091C9C31F6EB8720096FD65 /* fr */,
			);
			name = Localizable.strings;
			sourceTree = "<group>";
		};
		F0A987D91F77B404009B603D /* MainMenu.strings */ = {
			isa = PBXVariantGroup;
			children = (
				F0A987DA1F77B404009B603D /* en */,
				F0A987E31F77B404009B603D /* fr */,
			);
			name = MainMenu.strings;
			sourceTree = "<group>";
		};
		F0A987DB1F77B404009B603D /* Localizable.strings */ = {
			isa = PBXVariantGroup;
			children = (
				F0A987DC1F77B404009B603D /* en */,
				F0A987E41F77B404009B603D /* fr */,
			);
			name = Localizable.strings;
			sourceTree = "<group>";
		};
		F0A987E01F77B404009B603D /* MainMenu.xib */ = {
			isa = PBXVariantGroup;
			children = (
				F0A987E11F77B404009B603D /* Base */,
			);
			name = MainMenu.xib;
			sourceTree = "<group>";
		};
/* End PBXVariantGroup section */

/* Begin XCBuildConfiguration section */
		56754EB61D9A4016007BCDC5 /* Debug */ = {
			isa = XCBuildConfiguration;
			buildSettings = {
				ALWAYS_SEARCH_USER_PATHS = NO;
				CLANG_ANALYZER_LOCALIZABILITY_NONLOCALIZED = YES;
				CLANG_ANALYZER_NONNULL = YES;
				CLANG_CXX_LANGUAGE_STANDARD = "gnu++0x";
				CLANG_CXX_LIBRARY = "libc++";
				CLANG_ENABLE_MODULES = YES;
				CLANG_ENABLE_OBJC_ARC = YES;
				CLANG_WARN_BLOCK_CAPTURE_AUTORELEASING = YES;
				CLANG_WARN_BOOL_CONVERSION = YES;
				CLANG_WARN_COMMA = YES;
				CLANG_WARN_CONSTANT_CONVERSION = YES;
				CLANG_WARN_DEPRECATED_OBJC_IMPLEMENTATIONS = YES;
				CLANG_WARN_DIRECT_OBJC_ISA_USAGE = YES_ERROR;
				CLANG_WARN_DOCUMENTATION_COMMENTS = YES;
				CLANG_WARN_EMPTY_BODY = YES;
				CLANG_WARN_ENUM_CONVERSION = YES;
				CLANG_WARN_INFINITE_RECURSION = YES;
				CLANG_WARN_INT_CONVERSION = YES;
				CLANG_WARN_NON_LITERAL_NULL_CONVERSION = YES;
				CLANG_WARN_OBJC_IMPLICIT_RETAIN_SELF = YES;
				CLANG_WARN_OBJC_LITERAL_CONVERSION = YES;
				CLANG_WARN_OBJC_ROOT_CLASS = YES_ERROR;
				CLANG_WARN_RANGE_LOOP_ANALYSIS = YES;
				CLANG_WARN_STRICT_PROTOTYPES = YES;
				CLANG_WARN_SUSPICIOUS_MOVE = YES;
				CLANG_WARN_SUSPICIOUS_MOVES = YES;
				CLANG_WARN_UNREACHABLE_CODE = YES;
				CLANG_WARN__DUPLICATE_METHOD_MATCH = YES;
				CODE_SIGN_IDENTITY = "-";
				COPY_PHASE_STRIP = NO;
				DEBUG_INFORMATION_FORMAT = dwarf;
				ENABLE_STRICT_OBJC_MSGSEND = YES;
				ENABLE_TESTABILITY = YES;
				FRAMEWORK_SEARCH_PATHS = "$(PROJECT_DIR)/**";
				GCC_C_LANGUAGE_STANDARD = gnu99;
				GCC_DYNAMIC_NO_PIC = NO;
				GCC_NO_COMMON_BLOCKS = YES;
				GCC_OPTIMIZATION_LEVEL = 0;
				GCC_PREPROCESSOR_DEFINITIONS = (
					"DEBUG=1",
					"$(inherited)",
				);
				GCC_WARN_64_TO_32_BIT_CONVERSION = YES;
				GCC_WARN_ABOUT_RETURN_TYPE = YES_ERROR;
				GCC_WARN_UNDECLARED_SELECTOR = YES;
				GCC_WARN_UNINITIALIZED_AUTOS = YES_AGGRESSIVE;
				GCC_WARN_UNUSED_FUNCTION = YES;
				GCC_WARN_UNUSED_VARIABLE = YES;
				MACOSX_DEPLOYMENT_TARGET = 10.11;
				MTL_ENABLE_DEBUG_INFO = YES;
				ONLY_ACTIVE_ARCH = YES;
				SDKROOT = macosx;
				SWIFT_ACTIVE_COMPILATION_CONDITIONS = DEBUG;
				SWIFT_OPTIMIZATION_LEVEL = "-Onone";
			};
			name = Debug;
		};
		56754EB71D9A4016007BCDC5 /* Release */ = {
			isa = XCBuildConfiguration;
			buildSettings = {
				ALWAYS_SEARCH_USER_PATHS = NO;
				CLANG_ANALYZER_LOCALIZABILITY_NONLOCALIZED = YES;
				CLANG_ANALYZER_NONNULL = YES;
				CLANG_CXX_LANGUAGE_STANDARD = "gnu++0x";
				CLANG_CXX_LIBRARY = "libc++";
				CLANG_ENABLE_MODULES = YES;
				CLANG_ENABLE_OBJC_ARC = YES;
				CLANG_WARN_BLOCK_CAPTURE_AUTORELEASING = YES;
				CLANG_WARN_BOOL_CONVERSION = YES;
				CLANG_WARN_COMMA = YES;
				CLANG_WARN_CONSTANT_CONVERSION = YES;
				CLANG_WARN_DEPRECATED_OBJC_IMPLEMENTATIONS = YES;
				CLANG_WARN_DIRECT_OBJC_ISA_USAGE = YES_ERROR;
				CLANG_WARN_DOCUMENTATION_COMMENTS = YES;
				CLANG_WARN_EMPTY_BODY = YES;
				CLANG_WARN_ENUM_CONVERSION = YES;
				CLANG_WARN_INFINITE_RECURSION = YES;
				CLANG_WARN_INT_CONVERSION = YES;
				CLANG_WARN_NON_LITERAL_NULL_CONVERSION = YES;
				CLANG_WARN_OBJC_IMPLICIT_RETAIN_SELF = YES;
				CLANG_WARN_OBJC_LITERAL_CONVERSION = YES;
				CLANG_WARN_OBJC_ROOT_CLASS = YES_ERROR;
				CLANG_WARN_RANGE_LOOP_ANALYSIS = YES;
				CLANG_WARN_STRICT_PROTOTYPES = YES;
				CLANG_WARN_SUSPICIOUS_MOVE = YES;
				CLANG_WARN_SUSPICIOUS_MOVES = YES;
				CLANG_WARN_UNREACHABLE_CODE = YES;
				CLANG_WARN__DUPLICATE_METHOD_MATCH = YES;
				CODE_SIGN_IDENTITY = "-";
				COPY_PHASE_STRIP = NO;
				DEBUG_INFORMATION_FORMAT = "dwarf-with-dsym";
				ENABLE_NS_ASSERTIONS = NO;
				ENABLE_STRICT_OBJC_MSGSEND = YES;
				FRAMEWORK_SEARCH_PATHS = "$(PROJECT_DIR)/**";
				GCC_C_LANGUAGE_STANDARD = gnu99;
				GCC_NO_COMMON_BLOCKS = YES;
				GCC_WARN_64_TO_32_BIT_CONVERSION = YES;
				GCC_WARN_ABOUT_RETURN_TYPE = YES_ERROR;
				GCC_WARN_UNDECLARED_SELECTOR = YES;
				GCC_WARN_UNINITIALIZED_AUTOS = YES_AGGRESSIVE;
				GCC_WARN_UNUSED_FUNCTION = YES;
				GCC_WARN_UNUSED_VARIABLE = YES;
				MACOSX_DEPLOYMENT_TARGET = 10.11;
				MTL_ENABLE_DEBUG_INFO = NO;
				SDKROOT = macosx;
				SWIFT_OPTIMIZATION_LEVEL = "-Owholemodule";
			};
			name = Release;
		};
		56754EB91D9A4016007BCDC5 /* Debug */ = {
			isa = XCBuildConfiguration;
			baseConfigurationReference = 42B61ABC1D7907131330228A /* Pods-MonitorControl.debug.xcconfig */;
			buildSettings = {
				ASSETCATALOG_COMPILER_APPICON_NAME = AppIcon;
				CODE_SIGN_IDENTITY = "Mac Developer";
				CODE_SIGN_STYLE = Automatic;
				COMBINE_HIDPI_IMAGES = YES;
				DEVELOPMENT_TEAM = CYC8C8R4K9;
				INFOPLIST_FILE = "$(SRCROOT)/MonitorControl/Info.plist";
				LD_RUNPATH_SEARCH_PATHS = "$(inherited) @executable_path/../Frameworks";
				PRODUCT_BUNDLE_IDENTIFIER = me.guillaumeb.MonitorControl;
				PRODUCT_NAME = "$(TARGET_NAME)";
				PROVISIONING_PROFILE_SPECIFIER = "";
				SWIFT_OBJC_BRIDGING_HEADER = "MonitorControl/Bridging-Header.h";
				SWIFT_VERSION = 4.2;
			};
			name = Debug;
		};
		56754EBA1D9A4016007BCDC5 /* Release */ = {
			isa = XCBuildConfiguration;
			baseConfigurationReference = 31E16D90527EBD3F8A12BE0B /* Pods-MonitorControl.release.xcconfig */;
			buildSettings = {
				ASSETCATALOG_COMPILER_APPICON_NAME = AppIcon;
				CODE_SIGN_IDENTITY = "Mac Developer";
				CODE_SIGN_STYLE = Automatic;
				COMBINE_HIDPI_IMAGES = YES;
				DEVELOPMENT_TEAM = CYC8C8R4K9;
				INFOPLIST_FILE = "$(SRCROOT)/MonitorControl/Info.plist";
				LD_RUNPATH_SEARCH_PATHS = "$(inherited) @executable_path/../Frameworks";
				PRODUCT_BUNDLE_IDENTIFIER = me.guillaumeb.MonitorControl;
				PRODUCT_NAME = "$(TARGET_NAME)";
				PROVISIONING_PROFILE_SPECIFIER = "";
				SWIFT_OBJC_BRIDGING_HEADER = "MonitorControl/Bridging-Header.h";
				SWIFT_VERSION = 4.2;
			};
			name = Release;
		};
		F06792F2200A73470066C438 /* Debug */ = {
			isa = XCBuildConfiguration;
			buildSettings = {
				ASSETCATALOG_COMPILER_APPICON_NAME = AppIcon;
				CLANG_ANALYZER_NUMBER_OBJECT_CONVERSION = YES_AGGRESSIVE;
				CLANG_CXX_LANGUAGE_STANDARD = "gnu++14";
				CLANG_WARN_UNGUARDED_AVAILABILITY = YES_AGGRESSIVE;
				CODE_SIGN_ENTITLEMENTS = MonitorControlHelper/MonitorControlHelper.entitlements;
				CODE_SIGN_IDENTITY = "Mac Developer";
				CODE_SIGN_STYLE = Automatic;
				COMBINE_HIDPI_IMAGES = YES;
				DEVELOPMENT_TEAM = CYC8C8R4K9;
				GCC_C_LANGUAGE_STANDARD = gnu11;
				INFOPLIST_FILE = MonitorControlHelper/Info.plist;
				LD_RUNPATH_SEARCH_PATHS = "$(inherited) @executable_path/../Frameworks";
				MACOSX_DEPLOYMENT_TARGET = 10.13;
				PRODUCT_BUNDLE_IDENTIFIER = me.guillaumeb.MonitorControlHelper;
				PRODUCT_NAME = "$(TARGET_NAME)";
				SKIP_INSTALL = YES;
				SWIFT_VERSION = 4.2;
			};
			name = Debug;
		};
		F06792F3200A73470066C438 /* Release */ = {
			isa = XCBuildConfiguration;
			buildSettings = {
				ASSETCATALOG_COMPILER_APPICON_NAME = AppIcon;
				CLANG_ANALYZER_NUMBER_OBJECT_CONVERSION = YES_AGGRESSIVE;
				CLANG_CXX_LANGUAGE_STANDARD = "gnu++14";
				CLANG_WARN_UNGUARDED_AVAILABILITY = YES_AGGRESSIVE;
				CODE_SIGN_ENTITLEMENTS = MonitorControlHelper/MonitorControlHelper.entitlements;
				CODE_SIGN_IDENTITY = "Mac Developer";
				CODE_SIGN_STYLE = Automatic;
				COMBINE_HIDPI_IMAGES = YES;
				DEVELOPMENT_TEAM = CYC8C8R4K9;
				GCC_C_LANGUAGE_STANDARD = gnu11;
				INFOPLIST_FILE = MonitorControlHelper/Info.plist;
				LD_RUNPATH_SEARCH_PATHS = "$(inherited) @executable_path/../Frameworks";
				MACOSX_DEPLOYMENT_TARGET = 10.13;
				PRODUCT_BUNDLE_IDENTIFIER = me.guillaumeb.MonitorControlHelper;
				PRODUCT_NAME = "$(TARGET_NAME)";
				SKIP_INSTALL = YES;
				SWIFT_VERSION = 4.2;
			};
			name = Release;
		};
/* End XCBuildConfiguration section */

/* Begin XCConfigurationList section */
		56754EA61D9A4016007BCDC5 /* Build configuration list for PBXProject "MonitorControl" */ = {
			isa = XCConfigurationList;
			buildConfigurations = (
				56754EB61D9A4016007BCDC5 /* Debug */,
				56754EB71D9A4016007BCDC5 /* Release */,
			);
			defaultConfigurationIsVisible = 0;
			defaultConfigurationName = Release;
		};
		56754EB81D9A4016007BCDC5 /* Build configuration list for PBXNativeTarget "MonitorControl" */ = {
			isa = XCConfigurationList;
			buildConfigurations = (
				56754EB91D9A4016007BCDC5 /* Debug */,
				56754EBA1D9A4016007BCDC5 /* Release */,
			);
			defaultConfigurationIsVisible = 0;
			defaultConfigurationName = Release;
		};
		F06792F4200A73470066C438 /* Build configuration list for PBXNativeTarget "MonitorControlHelper" */ = {
			isa = XCConfigurationList;
			buildConfigurations = (
				F06792F2200A73470066C438 /* Debug */,
				F06792F3200A73470066C438 /* Release */,
			);
			defaultConfigurationIsVisible = 0;
			defaultConfigurationName = Release;
		};
/* End XCConfigurationList section */
	};
	rootObject = 56754EA31D9A4016007BCDC5 /* Project object */;
}
